{
  "requires": true,
  "lockfileVersion": 1,
  "dependencies": {
    "react-firebase-file-uploader": {
      "version": "2.4.2",
      "resolved": "https://registry.npmjs.org/react-firebase-file-uploader/-/react-firebase-file-uploader-2.4.2.tgz",
      "integrity": "sha512-+oevsz/MH2LdS3tx9iImB4X1gehD3LWPv/KPxLVtd6jh4mwuEyC1/rTo7EWmr39NmoDTO2hI9pHPNOhE5K6iwQ==",
      "requires": {
        "uuid": "^3.2.1"
      }
    },
    "uuid": {
      "version": "3.3.2",
      "resolved": "https://registry.npmjs.org/uuid/-/uuid-3.3.2.tgz",
      "integrity": "sha512-yXJmeNaw3DnnKAOKJE51sL/ZaYfWJRl1pK9dr19YFCu0ObS231AB1/LbqTKRAQ5kw8A90rA6fr4riOUpTZvQZA=="
    },
    "js-tokens": {
      "version": "4.0.0",
      "resolved": "https://registry.npmjs.org/js-tokens/-/js-tokens-4.0.0.tgz",
      "integrity": "sha512-RdJUflcE3cUzKiMqQgsCu06FPu9UdIJO0beYbPhHN4k6apgJtifcoCtT9bcxOpYBtpD2kCM6Sbzg4CausW/PKQ=="
    },
    "loose-envify": {
      "version": "1.4.0",
      "resolved": "https://registry.npmjs.org/loose-envify/-/loose-envify-1.4.0.tgz",
      "integrity": "sha512-lyuxPGr/Wfhrlem2CL/UcnUc1zcqKAImBDzukY7Y5F/yQiNdko6+fRLevlw1HgMySw7f611UIY408EtxRSoK3Q==",
      "requires": {
        "js-tokens": "^3.0.0 || ^4.0.0"
      }
    },
    "material-ui-chip-input": {
      "version": "0.19.0",
      "resolved": "https://registry.npmjs.org/material-ui-chip-input/-/material-ui-chip-input-0.19.0.tgz",
      "integrity": "sha512-dmyMNnKlmnqUkRRogGYPTaAfheZNR7PycmimqHl8wk/fwIF6jZkvOJrJDBCK7pf/P4K2btTTtkC0TQaZ7JKLew==",
      "requires": {
        "prop-types": "^15.5.7"
      }
    },
    "object-assign": {
      "version": "4.1.1",
      "resolved": "https://registry.npmjs.org/object-assign/-/object-assign-4.1.1.tgz",
      "integrity": "sha1-IQmtx5ZYh8/AXLvUQsrIv7s2CGM="
    },
    "prop-types": {
      "version": "15.7.2",
      "resolved": "https://registry.npmjs.org/prop-types/-/prop-types-15.7.2.tgz",
      "integrity": "sha512-8QQikdH7//R2vurIJSutZ1smHYTcLpRWEOlHnzcWHmBYrOGUysKwSsrC89BCiFj3CbrfJ/nXFdJepOVrY1GCHQ==",
      "requires": {
        "loose-envify": "^1.4.0",
        "object-assign": "^4.1.1",
        "react-is": "^16.8.1"
      }
    },
    "react-is": {
      "version": "16.8.5",
      "resolved": "https://registry.npmjs.org/react-is/-/react-is-16.8.5.tgz",
      "integrity": "sha512-sudt2uq5P/2TznPV4Wtdi+Lnq3yaYW8LfvPKLM9BKD8jJNBkxMVyB0C9/GmVhLw7Jbdmndk/73n7XQGeN9A3QQ=="
    }
  }
}
